// !$*UTF8*$!
{
	archiveVersion = 1;
	classes = {
	};
	objectVersion = 50;
	objects = {

/* Begin PBXBuildFile section */
		FAE574FF20A5E4ED008F5B04 /* AppDelegate.swift in Sources */ = {isa = PBXBuildFile; fileRef = FAE574FE20A5E4ED008F5B04 /* AppDelegate.swift */; };
		FAE5750120A5E4ED008F5B04 /* ViewController.swift in Sources */ = {isa = PBXBuildFile; fileRef = FAE5750020A5E4ED008F5B04 /* ViewController.swift */; };
		FAE5750420A5E4ED008F5B04 /* Main.storyboard in Resources */ = {isa = PBXBuildFile; fileRef = FAE5750220A5E4ED008F5B04 /* Main.storyboard */; };
		FAE5750620A5E4EE008F5B04 /* Assets.xcassets in Resources */ = {isa = PBXBuildFile; fileRef = FAE5750520A5E4EE008F5B04 /* Assets.xcassets */; };
		FAE5750920A5E4EE008F5B04 /* LaunchScreen.storyboard in Resources */ = {isa = PBXBuildFile; fileRef = FAE5750720A5E4EE008F5B04 /* LaunchScreen.storyboard */; };
		FAE5751320A5E52F008F5B04 /* CollectionViewArcLayout.swift in Sources */ = {isa = PBXBuildFile; fileRef = FAE5751120A5E52F008F5B04 /* CollectionViewArcLayout.swift */; };
		FAE5751420A5E52F008F5B04 /* ArcCollectionView.swift in Sources */ = {isa = PBXBuildFile; fileRef = FAE5751220A5E52F008F5B04 /* ArcCollectionView.swift */; };
		FAE5751820A5E559008F5B04 /* Matrix3By3.swift in Sources */ = {isa = PBXBuildFile; fileRef = FAE5751620A5E558008F5B04 /* Matrix3By3.swift */; };
		FAE5751920A5E559008F5B04 /* Geometry.swift in Sources */ = {isa = PBXBuildFile; fileRef = FAE5751720A5E558008F5B04 /* Geometry.swift */; };
/* End PBXBuildFile section */

/* Begin PBXFileReference section */
		FAE574FB20A5E4ED008F5B04 /* ArcCollectionView.app */ = {isa = PBXFileReference; explicitFileType = wrapper.application; includeInIndex = 0; path = ArcCollectionView.app; sourceTree = BUILT_PRODUCTS_DIR; };
		FAE574FE20A5E4ED008F5B04 /* AppDelegate.swift */ = {isa = PBXFileReference; lastKnownFileType = sourcecode.swift; path = AppDelegate.swift; sourceTree = "<group>"; };
		FAE5750020A5E4ED008F5B04 /* ViewController.swift */ = {isa = PBXFileReference; lastKnownFileType = sourcecode.swift; path = ViewController.swift; sourceTree = "<group>"; };
		FAE5750320A5E4ED008F5B04 /* Base */ = {isa = PBXFileReference; lastKnownFileType = file.storyboard; name = Base; path = Base.lproj/Main.storyboard; sourceTree = "<group>"; };
		FAE5750520A5E4EE008F5B04 /* Assets.xcassets */ = {isa = PBXFileReference; lastKnownFileType = folder.assetcatalog; path = Assets.xcassets; sourceTree = "<group>"; };
		FAE5750820A5E4EE008F5B04 /* Base */ = {isa = PBXFileReference; lastKnownFileType = file.storyboard; name = Base; path = Base.lproj/LaunchScreen.storyboard; sourceTree = "<group>"; };
		FAE5750A20A5E4EE008F5B04 /* Info.plist */ = {isa = PBXFileReference; lastKnownFileType = text.plist.xml; path = Info.plist; sourceTree = "<group>"; };
		FAE5751120A5E52F008F5B04 /* CollectionViewArcLayout.swift */ = {isa = PBXFileReference; fileEncoding = 4; lastKnownFileType = sourcecode.swift; path = CollectionViewArcLayout.swift; sourceTree = "<group>"; };
		FAE5751220A5E52F008F5B04 /* ArcCollectionView.swift */ = {isa = PBXFileReference; fileEncoding = 4; lastKnownFileType = sourcecode.swift; path = ArcCollectionView.swift; sourceTree = "<group>"; };
		FAE5751620A5E558008F5B04 /* Matrix3By3.swift */ = {isa = PBXFileReference; fileEncoding = 4; lastKnownFileType = sourcecode.swift; path = Matrix3By3.swift; sourceTree = "<group>"; };
		FAE5751720A5E558008F5B04 /* Geometry.swift */ = {isa = PBXFileReference; fileEncoding = 4; lastKnownFileType = sourcecode.swift; path = Geometry.swift; sourceTree = "<group>"; };
/* End PBXFileReference section */

/* Begin PBXFrameworksBuildPhase section */
		FAE574F820A5E4ED008F5B04 /* Frameworks */ = {
			isa = PBXFrameworksBuildPhase;
			buildActionMask = 2147483647;
			files = (
			);
			runOnlyForDeploymentPostprocessing = 0;
		};
/* End PBXFrameworksBuildPhase section */

/* Begin PBXGroup section */
		FAE574F220A5E4ED008F5B04 = {
			isa = PBXGroup;
			children = (
				FAE574FD20A5E4ED008F5B04 /* ArcCollectionView */,
				FAE574FC20A5E4ED008F5B04 /* Products */,
			);
			sourceTree = "<group>";
		};
		FAE574FC20A5E4ED008F5B04 /* Products */ = {
			isa = PBXGroup;
			children = (
				FAE574FB20A5E4ED008F5B04 /* ArcCollectionView.app */,
			);
			name = Products;
			sourceTree = "<group>";
		};
		FAE574FD20A5E4ED008F5B04 /* ArcCollectionView */ = {
			isa = PBXGroup;
			children = (
				FAE574FE20A5E4ED008F5B04 /* AppDelegate.swift */,
				FAE5750020A5E4ED008F5B04 /* ViewController.swift */,
				FAE5751020A5E4F7008F5B04 /* ArcCollectionView */,
				FAE5751520A5E534008F5B04 /* Math */,
				FAE5750220A5E4ED008F5B04 /* Main.storyboard */,
				FAE5750520A5E4EE008F5B04 /* Assets.xcassets */,
				FAE5750720A5E4EE008F5B04 /* LaunchScreen.storyboard */,
				FAE5750A20A5E4EE008F5B04 /* Info.plist */,
			);
			path = ArcCollectionView;
			sourceTree = "<group>";
		};
		FAE5751020A5E4F7008F5B04 /* ArcCollectionView */ = {
			isa = PBXGroup;
			children = (
				FAE5751220A5E52F008F5B04 /* ArcCollectionView.swift */,
				FAE5751120A5E52F008F5B04 /* CollectionViewArcLayout.swift */,
			);
			path = ArcCollectionView;
			sourceTree = "<group>";
		};
		FAE5751520A5E534008F5B04 /* Math */ = {
			isa = PBXGroup;
			children = (
				FAE5751720A5E558008F5B04 /* Geometry.swift */,
				FAE5751620A5E558008F5B04 /* Matrix3By3.swift */,
			);
			path = Math;
			sourceTree = "<group>";
		};
/* End PBXGroup section */

/* Begin PBXNativeTarget section */
		FAE574FA20A5E4ED008F5B04 /* ArcCollectionView */ = {
			isa = PBXNativeTarget;
			buildConfigurationList = FAE5750D20A5E4EE008F5B04 /* Build configuration list for PBXNativeTarget "ArcCollectionView" */;
			buildPhases = (
				FAE574F720A5E4ED008F5B04 /* Sources */,
				FAE574F820A5E4ED008F5B04 /* Frameworks */,
				FAE574F920A5E4ED008F5B04 /* Resources */,
			);
			buildRules = (
			);
			dependencies = (
			);
			name = ArcCollectionView;
			productName = ArcCollectionView;
			productReference = FAE574FB20A5E4ED008F5B04 /* ArcCollectionView.app */;
			productType = "com.apple.product-type.application";
		};
/* End PBXNativeTarget section */

/* Begin PBXProject section */
		FAE574F320A5E4ED008F5B04 /* Project object */ = {
			isa = PBXProject;
			attributes = {
				LastSwiftUpdateCheck = 0930;
				LastUpgradeCheck = 0930;
				ORGANIZATIONNAME = alexmicu;
				TargetAttributes = {
					FAE574FA20A5E4ED008F5B04 = {
						CreatedOnToolsVersion = 9.3;
					};
				};
			};
			buildConfigurationList = FAE574F620A5E4ED008F5B04 /* Build configuration list for PBXProject "ArcCollectionView" */;
			compatibilityVersion = "Xcode 9.3";
			developmentRegion = en;
			hasScannedForEncodings = 0;
			knownRegions = (
				en,
				Base,
			);
			mainGroup = FAE574F220A5E4ED008F5B04;
			productRefGroup = FAE574FC20A5E4ED008F5B04 /* Products */;
			projectDirPath = "";
			projectRoot = "";
			targets = (
				FAE574FA20A5E4ED008F5B04 /* ArcCollectionView */,
			);
		};
/* End PBXProject section */

/* Begin PBXResourcesBuildPhase section */
		FAE574F920A5E4ED008F5B04 /* Resources */ = {
			isa = PBXResourcesBuildPhase;
			buildActionMask = 2147483647;
			files = (
				FAE5750920A5E4EE008F5B04 /* LaunchScreen.storyboard in Resources */,
				FAE5750620A5E4EE008F5B04 /* Assets.xcassets in Resources */,
				FAE5750420A5E4ED008F5B04 /* Main.storyboard in Resources */,
			);
			runOnlyForDeploymentPostprocessing = 0;
		};
/* End PBXResourcesBuildPhase section */

/* Begin PBXSourcesBuildPhase section */
		FAE574F720A5E4ED008F5B04 /* Sources */ = {
			isa = PBXSourcesBuildPhase;
			buildActionMask = 2147483647;
			files = (
				FAE5751320A5E52F008F5B04 /* CollectionViewArcLayout.swift in Sources */,
				FAE5751920A5E559008F5B04 /* Geometry.swift in Sources */,
				FAE5750120A5E4ED008F5B04 /* ViewController.swift in Sources */,
				FAE574FF20A5E4ED008F5B04 /* AppDelegate.swift in Sources */,
				FAE5751420A5E52F008F5B04 /* ArcCollectionView.swift in Sources */,
				FAE5751820A5E559008F5B04 /* Matrix3By3.swift in Sources */,
			);
			runOnlyForDeploymentPostprocessing = 0;
		};
/* End PBXSourcesBuildPhase section */

/* Begin PBXVariantGroup section */
		FAE5750220A5E4ED008F5B04 /* Main.storyboard */ = {
			isa = PBXVariantGroup;
			children = (
				FAE5750320A5E4ED008F5B04 /* Base */,
			);
			name = Main.storyboard;
			sourceTree = "<group>";
		};
		FAE5750720A5E4EE008F5B04 /* LaunchScreen.storyboard */ = {
			isa = PBXVariantGroup;
			children = (
				FAE5750820A5E4EE008F5B04 /* Base */,
			);
			name = LaunchScreen.storyboard;
			sourceTree = "<group>";
		};
/* End PBXVariantGroup section */

/* Begin XCBuildConfiguration section */
		FAE5750B20A5E4EE008F5B04 /* Debug */ = {
			isa = XCBuildConfiguration;
			buildSettings = {
				ALWAYS_SEARCH_USER_PATHS = NO;
				CLANG_ANALYZER_NONNULL = YES;
				CLANG_ANALYZER_NUMBER_OBJECT_CONVERSION = YES_AGGRESSIVE;
				CLANG_CXX_LANGUAGE_STANDARD = "gnu++14";
				CLANG_CXX_LIBRARY = "libc++";
				CLANG_ENABLE_MODULES = YES;
				CLANG_ENABLE_OBJC_ARC = YES;
				CLANG_ENABLE_OBJC_WEAK = YES;
				CLANG_WARN_BLOCK_CAPTURE_AUTORELEASING = YES;
				CLANG_WARN_BOOL_CONVERSION = YES;
				CLANG_WARN_COMMA = YES;
				CLANG_WARN_CONSTANT_CONVERSION = YES;
				CLANG_WARN_DEPRECATED_OBJC_IMPLEMENTATIONS = YES;
				CLANG_WARN_DIRECT_OBJC_ISA_USAGE = YES_ERROR;
				CLANG_WARN_DOCUMENTATION_COMMENTS = YES;
				CLANG_WARN_EMPTY_BODY = YES;
				CLANG_WARN_ENUM_CONVERSION = YES;
				CLANG_WARN_INFINITE_RECURSION = YES;
				CLANG_WARN_INT_CONVERSION = YES;
				CLANG_WARN_NON_LITERAL_NULL_CONVERSION = YES;
				CLANG_WARN_OBJC_IMPLICIT_RETAIN_SELF = YES;
				CLANG_WARN_OBJC_LITERAL_CONVERSION = YES;
				CLANG_WARN_OBJC_ROOT_CLASS = YES_ERROR;
				CLANG_WARN_RANGE_LOOP_ANALYSIS = YES;
				CLANG_WARN_STRICT_PROTOTYPES = YES;
				CLANG_WARN_SUSPICIOUS_MOVE = YES;
				CLANG_WARN_UNGUARDED_AVAILABILITY = YES_AGGRESSIVE;
				CLANG_WARN_UNREACHABLE_CODE = YES;
				CLANG_WARN__DUPLICATE_METHOD_MATCH = YES;
				CODE_SIGN_IDENTITY = "iPhone Developer";
				COPY_PHASE_STRIP = NO;
				DEBUG_INFORMATION_FORMAT = dwarf;
				ENABLE_STRICT_OBJC_MSGSEND = YES;
				ENABLE_TESTABILITY = YES;
				GCC_C_LANGUAGE_STANDARD = gnu11;
				GCC_DYNAMIC_NO_PIC = NO;
				GCC_NO_COMMON_BLOCKS = YES;
				GCC_OPTIMIZATION_LEVEL = 0;
				GCC_PREPROCESSOR_DEFINITIONS = (
					"DEBUG=1",
					"$(inherited)",
				);
				GCC_WARN_64_TO_32_BIT_CONVERSION = YES;
				GCC_WARN_ABOUT_RETURN_TYPE = YES_ERROR;
				GCC_WARN_UNDECLARED_SELECTOR = YES;
				GCC_WARN_UNINITIALIZED_AUTOS = YES_AGGRESSIVE;
				GCC_WARN_UNUSED_FUNCTION = YES;
				GCC_WARN_UNUSED_VARIABLE = YES;
				IPHONEOS_DEPLOYMENT_TARGET = 11.3;
				MTL_ENABLE_DEBUG_INFO = YES;
				ONLY_ACTIVE_ARCH = YES;
				SDKROOT = iphoneos;
				SWIFT_ACTIVE_COMPILATION_CONDITIONS = DEBUG;
				SWIFT_OPTIMIZATION_LEVEL = "-Onone";
			};
			name = Debug;
		};
		FAE5750C20A5E4EE008F5B04 /* Release */ = {
			isa = XCBuildConfiguration;
			buildSettings = {
				ALWAYS_SEARCH_USER_PATHS = NO;
				CLANG_ANALYZER_NONNULL = YES;
				CLANG_ANALYZER_NUMBER_OBJECT_CONVERSION = YES_AGGRESSIVE;
				CLANG_CXX_LANGUAGE_STANDARD = "gnu++14";
				CLANG_CXX_LIBRARY = "libc++";
				CLANG_ENABLE_MODULES = YES;
				CLANG_ENABLE_OBJC_ARC = YES;
				CLANG_ENABLE_OBJC_WEAK = YES;
				CLANG_WARN_BLOCK_CAPTURE_AUTORELEASING = YES;
				CLANG_WARN_BOOL_CONVERSION = YES;
				CLANG_WARN_COMMA = YES;
				CLANG_WARN_CONSTANT_CONVERSION = YES;
				CLANG_WARN_DEPRECATED_OBJC_IMPLEMENTATIONS = YES;
				CLANG_WARN_DIRECT_OBJC_ISA_USAGE = YES_ERROR;
				CLANG_WARN_DOCUMENTATION_COMMENTS = YES;
				CLANG_WARN_EMPTY_BODY = YES;
				CLANG_WARN_ENUM_CONVERSION = YES;
				CLANG_WARN_INFINITE_RECURSION = YES;
				CLANG_WARN_INT_CONVERSION = YES;
				CLANG_WARN_NON_LITERAL_NULL_CONVERSION = YES;
				CLANG_WARN_OBJC_IMPLICIT_RETAIN_SELF = YES;
				CLANG_WARN_OBJC_LITERAL_CONVERSION = YES;
				CLANG_WARN_OBJC_ROOT_CLASS = YES_ERROR;
				CLANG_WARN_RANGE_LOOP_ANALYSIS = YES;
				CLANG_WARN_STRICT_PROTOTYPES = YES;
				CLANG_WARN_SUSPICIOUS_MOVE = YES;
				CLANG_WARN_UNGUARDED_AVAILABILITY = YES_AGGRESSIVE;
				CLANG_WARN_UNREACHABLE_CODE = YES;
				CLANG_WARN__DUPLICATE_METHOD_MATCH = YES;
				CODE_SIGN_IDENTITY = "iPhone Developer";
				COPY_PHASE_STRIP = NO;
				DEBUG_INFORMATION_FORMAT = "dwarf-with-dsym";
				ENABLE_NS_ASSERTIONS = NO;
				ENABLE_STRICT_OBJC_MSGSEND = YES;
				GCC_C_LANGUAGE_STANDARD = gnu11;
				GCC_NO_COMMON_BLOCKS = YES;
				GCC_WARN_64_TO_32_BIT_CONVERSION = YES;
				GCC_WARN_ABOUT_RETURN_TYPE = YES_ERROR;
				GCC_WARN_UNDECLARED_SELECTOR = YES;
				GCC_WARN_UNINITIALIZED_AUTOS = YES_AGGRESSIVE;
				GCC_WARN_UNUSED_FUNCTION = YES;
				GCC_WARN_UNUSED_VARIABLE = YES;
				IPHONEOS_DEPLOYMENT_TARGET = 11.3;
				MTL_ENABLE_DEBUG_INFO = NO;
				SDKROOT = iphoneos;
				SWIFT_COMPILATION_MODE = wholemodule;
				SWIFT_OPTIMIZATION_LEVEL = "-O";
				VALIDATE_PRODUCT = YES;
			};
			name = Release;
		};
		FAE5750E20A5E4EE008F5B04 /* Debug */ = {
			isa = XCBuildConfiguration;
			buildSettings = {
				ASSETCATALOG_COMPILER_APPICON_NAME = AppIcon;
				CODE_SIGN_STYLE = Automatic;
				DEVELOPMENT_TEAM = ZDP8588VGX;
				INFOPLIST_FILE = ArcCollectionView/Info.plist;
				LD_RUNPATH_SEARCH_PATHS = (
					"$(inherited)",
					"@executable_path/Frameworks",
				);
				PRODUCT_BUNDLE_IDENTIFIER = com.alexmicu.ArcCollectionView;
				PRODUCT_NAME = "$(TARGET_NAME)";
				SWIFT_VERSION = 4.0;
				TARGETED_DEVICE_FAMILY = "1,2";
			};
			name = Debug;
		};
		FAE5750F20A5E4EE008F5B04 /* Release */ = {
			isa = XCBuildConfiguration;
			buildSettings = {
				ASSETCATALOG_COMPILER_APPICON_NAME = AppIcon;
				CODE_SIGN_STYLE = Automatic;
				DEVELOPMENT_TEAM = ZDP8588VGX;
				INFOPLIST_FILE = ArcCollectionView/Info.plist;
				LD_RUNPATH_SEARCH_PATHS = (
					"$(inherited)",
					"@executable_path/Frameworks",
				);
				PRODUCT_BUNDLE_IDENTIFIER = com.alexmicu.ArcCollectionView;
				PRODUCT_NAME = "$(TARGET_NAME)";
				SWIFT_VERSION = 4.0;
				TARGETED_DEVICE_FAMILY = "1,2";
			};
			name = Release;
		};
/* End XCBuildConfiguration section */

/* Begin XCConfigurationList section */
		FAE574F620A5E4ED008F5B04 /* Build configuration list for PBXProject "ArcCollectionView" */ = {
			isa = XCConfigurationList;
			buildConfigurations = (
				FAE5750B20A5E4EE008F5B04 /* Debug */,
				FAE5750C20A5E4EE008F5B04 /* Release */,
			);
			defaultConfigurationIsVisible = 0;
			defaultConfigurationName = Release;
		};
		FAE5750D20A5E4EE008F5B04 /* Build configuration list for PBXNativeTarget "ArcCollectionView" */ = {
			isa = XCConfigurationList;
			buildConfigurations = (
				FAE5750E20A5E4EE008F5B04 /* Debug */,
				FAE5750F20A5E4EE008F5B04 /* Release */,
			);
			defaultConfigurationIsVisible = 0;
			defaultConfigurationName = Release;
		};
/* End XCConfigurationList section */
	};
	rootObject = FAE574F320A5E4ED008F5B04 /* Project object */;
}
